PODS:
  - HSBRep (0.0.2):
    - HSBRep/TimerHelper (= 0.0.2)
    - HSBRep/UITableVIewHelper (= 0.0.2)
  - HSBRep/TimerHelper (0.0.2):
    - HSBRep/TimerHelper/GCD (= 0.0.2)
    - HSBRep/TimerHelper/NSTimer (= 0.0.2)
  - HSBRep/TimerHelper/GCD (0.0.2)
  - HSBRep/TimerHelper/NSTimer (0.0.2)
  - HSBRep/UITableVIewHelper (0.0.2)

DEPENDENCIES:
  - HSBRep (from `../`)

EXTERNAL SOURCES:
  HSBRep:
    :path: "../"

SPEC CHECKSUMS:
  HSBRep: 44ee1e4018845f2b59f78af78569761dc7a88e46

PODFILE CHECKSUM: b15e9faa103c5464cf0e08f2de1eb3d06eb4ce45

COCOAPODS: 1.10.1
